
Microsoft Visual Studio Solution File, Format Version 12.00
# Visual Studio Version 16
VisualStudioVersion = 16.0.29519.87
MinimumVisualStudioVersion = 10.0.40219.1
Project("{FAE04EC0-301F-11D3-BF4B-00C04F79EFBC}") = "Blocks", "Blocks\Blocks.csproj", "{C8B0FCEE-4E2A-4877-B3E1-4A321DF61555}"
EndProject
Global
	GlobalSection(SolutionConfigurationPlatforms) = preSolution
		Debug|Any CPU = Debug|Any CPU
		Release|Any CPU = Release|Any CPU
	EndGlobalSection
	GlobalSection(ProjectConfigurationPlatforms) = postSolution
		{C8B0FCEE-4E2A-4877-B3E1-4A321DF61555}.Debug|Any CPU.ActiveCfg = Debug|Any CPU
		{C8B0FCEE-4E2A-4877-B3E1-4A321DF61555}.Debug|Any CPU.Build.0 = Debug|Any CPU
		{C8B0FCEE-4E2A-4877-B3E1-4A321DF61555}.Release|Any CPU.ActiveCfg = Release|Any CPU
		{C8B0FCEE-4E2A-4877-B3E1-4A321DF61555}.Release|Any CPU.Build.0 = Release|Any CPU
	EndGlobalSection
	GlobalSection(SolutionProperties) = preSolution
		HideSolutionNode = FALSE
	EndGlobalSection
	GlobalSection(ExtensibilityGlobals) = postSolution
		SolutionGuid = {A82F1C9A-9A7D-4DA2-82E4-14279B28B653}
	EndGlobalSection
EndGlobal
